
Microsoft Visual Studio Solution File, Format Version 12.00
# Visual Studio Version 17
VisualStudioVersion = 17.13.35931.197 d17.13
MinimumVisualStudioVersion = 10.0.40219.1
Project("{2150E333-8FDC-42A3-9474-1A3956D46DE8}") = "src", "src", "{02EA681E-C7D8-13C7-8484-4AC65E1B71E8}"
EndProject
Project("{2150E333-8FDC-42A3-9474-1A3956D46DE8}") = "shared", "shared", "{EC7CE674-A113-448C-B53B-9A5C595896D2}"
EndProject
Project("{FAE04EC0-301F-11D3-BF4B-00C04F79EFBC}") = "BikeRent.Exception", "BikeRent.Exception\BikeRent.Exception.csproj", "{3D81F054-73AF-4362-B26E-3B3AA1D1944B}"
EndProject
Global
	GlobalSection(SolutionConfigurationPlatforms) = preSolution
		Debug|Any CPU = Debug|Any CPU
		Release|Any CPU = Release|Any CPU
	EndGlobalSection
	GlobalSection(ProjectConfigurationPlatforms) = postSolution
		{3D81F054-73AF-4362-B26E-3B3AA1D1944B}.Debug|Any CPU.ActiveCfg = Debug|Any CPU
		{3D81F054-73AF-4362-B26E-3B3AA1D1944B}.Debug|Any CPU.Build.0 = Debug|Any CPU
		{3D81F054-73AF-4362-B26E-3B3AA1D1944B}.Release|Any CPU.ActiveCfg = Release|Any CPU
		{3D81F054-73AF-4362-B26E-3B3AA1D1944B}.Release|Any CPU.Build.0 = Release|Any CPU
	EndGlobalSection
	GlobalSection(SolutionProperties) = preSolution
		HideSolutionNode = FALSE
	EndGlobalSection
	GlobalSection(NestedProjects) = preSolution
		{EC7CE674-A113-448C-B53B-9A5C595896D2} = {02EA681E-C7D8-13C7-8484-4AC65E1B71E8}
		{3D81F054-73AF-4362-B26E-3B3AA1D1944B} = {EC7CE674-A113-448C-B53B-9A5C595896D2}
	EndGlobalSection
	GlobalSection(ExtensibilityGlobals) = postSolution
		SolutionGuid = {3C12DA68-BE45-4EFD-943C-C4EBDF578E82}
	EndGlobalSection
EndGlobal
